
Microsoft Visual Studio Solution File, Format Version 12.00
# Visual Studio Version 16
VisualStudioVersion = 16.0.29926.136
MinimumVisualStudioVersion = 10.0.40219.1
Project("{FAE04EC0-301F-11D3-BF4B-00C04F79EFBC}") = "KWZP_lab_23_04", "KWZP_lab_23_04\KWZP_lab_23_04.csproj", "{84815015-9BA1-4EC6-B697-532D2D886F9B}"
EndProject
Global
	GlobalSection(SolutionConfigurationPlatforms) = preSolution
		Debug|Any CPU = Debug|Any CPU
		Release|Any CPU = Release|Any CPU
	EndGlobalSection
	GlobalSection(ProjectConfigurationPlatforms) = postSolution
		{84815015-9BA1-4EC6-B697-532D2D886F9B}.Debug|Any CPU.ActiveCfg = Debug|Any CPU
		{84815015-9BA1-4EC6-B697-532D2D886F9B}.Debug|Any CPU.Build.0 = Debug|Any CPU
		{84815015-9BA1-4EC6-B697-532D2D886F9B}.Release|Any CPU.ActiveCfg = Release|Any CPU
		{84815015-9BA1-4EC6-B697-532D2D886F9B}.Release|Any CPU.Build.0 = Release|Any CPU
	EndGlobalSection
	GlobalSection(SolutionProperties) = preSolution
		HideSolutionNode = FALSE
	EndGlobalSection
	GlobalSection(ExtensibilityGlobals) = postSolution
		SolutionGuid = {5A9779CD-12F5-4F32-9B1C-1C7F0E8A808E}
	EndGlobalSection
EndGlobal
